
Microsoft Visual Studio Solution File, Format Version 12.00
# Visual Studio Version 16
VisualStudioVersion = 16.0.30804.86
MinimumVisualStudioVersion = 10.0.40219.1
Project("{FAE04EC0-301F-11D3-BF4B-00C04F79EFBC}") = "helloWorld.Android", "helloWorld\helloWorld.Android\helloWorld.Android.csproj", "{AF1CAD0A-3717-42E4-83DC-152FBA15861E}"
EndProject
Project("{FAE04EC0-301F-11D3-BF4B-00C04F79EFBC}") = "helloWorld.iOS", "helloWorld\helloWorld.iOS\helloWorld.iOS.csproj", "{7E27E5BE-5E24-4706-9B5A-1F0CF919A8BD}"
EndProject
Project("{FAE04EC0-301F-11D3-BF4B-00C04F79EFBC}") = "helloWorld", "helloWorld\helloWorld\helloWorld.csproj", "{4232AC8F-96C1-4251-B34D-E1D18D0DE06B}"
EndProject
Global
	GlobalSection(SolutionConfigurationPlatforms) = preSolution
		Debug|Any CPU = Debug|Any CPU
		Debug|iPhone = Debug|iPhone
		Debug|iPhoneSimulator = Debug|iPhoneSimulator
		Release|Any CPU = Release|Any CPU
		Release|iPhone = Release|iPhone
		Release|iPhoneSimulator = Release|iPhoneSimulator
	EndGlobalSection
	GlobalSection(ProjectConfigurationPlatforms) = postSolution
		{AF1CAD0A-3717-42E4-83DC-152FBA15861E}.Debug|Any CPU.ActiveCfg = Debug|Any CPU
		{AF1CAD0A-3717-42E4-83DC-152FBA15861E}.Debug|Any CPU.Build.0 = Debug|Any CPU
		{AF1CAD0A-3717-42E4-83DC-152FBA15861E}.Debug|Any CPU.Deploy.0 = Debug|Any CPU
		{AF1CAD0A-3717-42E4-83DC-152FBA15861E}.Debug|iPhone.ActiveCfg = Debug|Any CPU
		{AF1CAD0A-3717-42E4-83DC-152FBA15861E}.Debug|iPhone.Build.0 = Debug|Any CPU
		{AF1CAD0A-3717-42E4-83DC-152FBA15861E}.Debug|iPhone.Deploy.0 = Debug|Any CPU
		{AF1CAD0A-3717-42E4-83DC-152FBA15861E}.Debug|iPhoneSimulator.ActiveCfg = Debug|Any CPU
		{AF1CAD0A-3717-42E4-83DC-152FBA15861E}.Debug|iPhoneSimulator.Build.0 = Debug|Any CPU
		{AF1CAD0A-3717-42E4-83DC-152FBA15861E}.Debug|iPhoneSimulator.Deploy.0 = Debug|Any CPU
		{AF1CAD0A-3717-42E4-83DC-152FBA15861E}.Release|Any CPU.ActiveCfg = Release|Any CPU
		{AF1CAD0A-3717-42E4-83DC-152FBA15861E}.Release|Any CPU.Build.0 = Release|Any CPU
		{AF1CAD0A-3717-42E4-83DC-152FBA15861E}.Release|Any CPU.Deploy.0 = Release|Any CPU
		{AF1CAD0A-3717-42E4-83DC-152FBA15861E}.Release|iPhone.ActiveCfg = Release|Any CPU
		{AF1CAD0A-3717-42E4-83DC-152FBA15861E}.Release|iPhone.Build.0 = Release|Any CPU
		{AF1CAD0A-3717-42E4-83DC-152FBA15861E}.Release|iPhone.Deploy.0 = Release|Any CPU
		{AF1CAD0A-3717-42E4-83DC-152FBA15861E}.Release|iPhoneSimulator.ActiveCfg = Release|Any CPU
		{AF1CAD0A-3717-42E4-83DC-152FBA15861E}.Release|iPhoneSimulator.Build.0 = Release|Any CPU
		{AF1CAD0A-3717-42E4-83DC-152FBA15861E}.Release|iPhoneSimulator.Deploy.0 = Release|Any CPU
		{7E27E5BE-5E24-4706-9B5A-1F0CF919A8BD}.Debug|Any CPU.ActiveCfg = Debug|iPhone
		{7E27E5BE-5E24-4706-9B5A-1F0CF919A8BD}.Debug|Any CPU.Build.0 = Debug|iPhone
		{7E27E5BE-5E24-4706-9B5A-1F0CF919A8BD}.Debug|Any CPU.Deploy.0 = Debug|iPhone
		{7E27E5BE-5E24-4706-9B5A-1F0CF919A8BD}.Debug|iPhone.ActiveCfg = Debug|iPhone
		{7E27E5BE-5E24-4706-9B5A-1F0CF919A8BD}.Debug|iPhone.Build.0 = Debug|iPhone
		{7E27E5BE-5E24-4706-9B5A-1F0CF919A8BD}.Debug|iPhone.Deploy.0 = Debug|iPhone
		{7E27E5BE-5E24-4706-9B5A-1F0CF919A8BD}.Debug|iPhoneSimulator.ActiveCfg = Debug|iPhoneSimulator
		{7E27E5BE-5E24-4706-9B5A-1F0CF919A8BD}.Debug|iPhoneSimulator.Build.0 = Debug|iPhoneSimulator
		{7E27E5BE-5E24-4706-9B5A-1F0CF919A8BD}.Debug|iPhoneSimulator.Deploy.0 = Debug|iPhoneSimulator
		{7E27E5BE-5E24-4706-9B5A-1F0CF919A8BD}.Release|Any CPU.ActiveCfg = Release|iPhoneSimulator
		{7E27E5BE-5E24-4706-9B5A-1F0CF919A8BD}.Release|Any CPU.Build.0 = Release|iPhoneSimulator
		{7E27E5BE-5E24-4706-9B5A-1F0CF919A8BD}.Release|Any CPU.Deploy.0 = Release|iPhoneSimulator
		{7E27E5BE-5E24-4706-9B5A-1F0CF919A8BD}.Release|iPhone.ActiveCfg = Release|iPhone
		{7E27E5BE-5E24-4706-9B5A-1F0CF919A8BD}.Release|iPhone.Build.0 = Release|iPhone
		{7E27E5BE-5E24-4706-9B5A-1F0CF919A8BD}.Release|iPhone.Deploy.0 = Release|iPhone
		{7E27E5BE-5E24-4706-9B5A-1F0CF919A8BD}.Release|iPhoneSimulator.ActiveCfg = Release|iPhoneSimulator
		{7E27E5BE-5E24-4706-9B5A-1F0CF919A8BD}.Release|iPhoneSimulator.Build.0 = Release|iPhoneSimulator
		{7E27E5BE-5E24-4706-9B5A-1F0CF919A8BD}.Release|iPhoneSimulator.Deploy.0 = Release|iPhoneSimulator
		{4232AC8F-96C1-4251-B34D-E1D18D0DE06B}.Debug|Any CPU.ActiveCfg = Debug|Any CPU
		{4232AC8F-96C1-4251-B34D-E1D18D0DE06B}.Debug|Any CPU.Build.0 = Debug|Any CPU
		{4232AC8F-96C1-4251-B34D-E1D18D0DE06B}.Debug|Any CPU.Deploy.0 = Debug|Any CPU
		{4232AC8F-96C1-4251-B34D-E1D18D0DE06B}.Debug|iPhone.ActiveCfg = Debug|Any CPU
		{4232AC8F-96C1-4251-B34D-E1D18D0DE06B}.Debug|iPhone.Build.0 = Debug|Any CPU
		{4232AC8F-96C1-4251-B34D-E1D18D0DE06B}.Debug|iPhone.Deploy.0 = Debug|Any CPU
		{4232AC8F-96C1-4251-B34D-E1D18D0DE06B}.Debug|iPhoneSimulator.ActiveCfg = Debug|Any CPU
		{4232AC8F-96C1-4251-B34D-E1D18D0DE06B}.Debug|iPhoneSimulator.Build.0 = Debug|Any CPU
		{4232AC8F-96C1-4251-B34D-E1D18D0DE06B}.Debug|iPhoneSimulator.Deploy.0 = Debug|Any CPU
		{4232AC8F-96C1-4251-B34D-E1D18D0DE06B}.Release|Any CPU.ActiveCfg = Release|Any CPU
		{4232AC8F-96C1-4251-B34D-E1D18D0DE06B}.Release|Any CPU.Build.0 = Release|Any CPU
		{4232AC8F-96C1-4251-B34D-E1D18D0DE06B}.Release|Any CPU.Deploy.0 = Release|Any CPU
		{4232AC8F-96C1-4251-B34D-E1D18D0DE06B}.Release|iPhone.ActiveCfg = Release|Any CPU
		{4232AC8F-96C1-4251-B34D-E1D18D0DE06B}.Release|iPhone.Build.0 = Release|Any CPU
		{4232AC8F-96C1-4251-B34D-E1D18D0DE06B}.Release|iPhone.Deploy.0 = Release|Any CPU
		{4232AC8F-96C1-4251-B34D-E1D18D0DE06B}.Release|iPhoneSimulator.ActiveCfg = Release|Any CPU
		{4232AC8F-96C1-4251-B34D-E1D18D0DE06B}.Release|iPhoneSimulator.Build.0 = Release|Any CPU
		{4232AC8F-96C1-4251-B34D-E1D18D0DE06B}.Release|iPhoneSimulator.Deploy.0 = Release|Any CPU
	EndGlobalSection
	GlobalSection(SolutionProperties) = preSolution
		HideSolutionNode = FALSE
	EndGlobalSection
	GlobalSection(ExtensibilityGlobals) = postSolution
		SolutionGuid = {FCC6B977-DDEB-409F-9A27-ACCE0415168B}
	EndGlobalSection
EndGlobal
